
Microsoft Visual Studio Solution File, Format Version 12.00
# Visual Studio Version 17
VisualStudioVersion = 17.11.35312.102
MinimumVisualStudioVersion = 10.0.40219.1
Project("{FAE04EC0-301F-11D3-BF4B-00C04F79EFBC}") = "DatabaseAbstraction", "DatabaseAbstraction\DatabaseAbstraction.csproj", "{F4EE1995-200F-44A1-896B-ADAF2226BE97}"
EndProject
Global
	GlobalSection(SolutionConfigurationPlatforms) = preSolution
		Debug|Any CPU = Debug|Any CPU
		Release|Any CPU = Release|Any CPU
	EndGlobalSection
	GlobalSection(ProjectConfigurationPlatforms) = postSolution
		{F4EE1995-200F-44A1-896B-ADAF2226BE97}.Debug|Any CPU.ActiveCfg = Debug|Any CPU
		{F4EE1995-200F-44A1-896B-ADAF2226BE97}.Debug|Any CPU.Build.0 = Debug|Any CPU
		{F4EE1995-200F-44A1-896B-ADAF2226BE97}.Release|Any CPU.ActiveCfg = Release|Any CPU
		{F4EE1995-200F-44A1-896B-ADAF2226BE97}.Release|Any CPU.Build.0 = Release|Any CPU
	EndGlobalSection
	GlobalSection(SolutionProperties) = preSolution
		HideSolutionNode = FALSE
	EndGlobalSection
	GlobalSection(ExtensibilityGlobals) = postSolution
		SolutionGuid = {7CF5BFBF-D72F-4363-B536-19B29F01132E}
	EndGlobalSection
EndGlobal
